github.com/fatih/color v1.10.0 h1:s36xzo75JdqLaaWoiEHk767eHiwo0598uUxyfiPkDsg=
github.com/fatih/color v1.10.0/go.mod h1:ELkj/draVOlAH/xkhN6mQ50Qd0MPOk5AAr3maGEBuJM=
github.com/go-test/deep v1.0.7 h1:/VSMRlnY/JSyqxQUzQLKVMAskpY/NZKFA5j2P+0pP2M=
github.com/go-test/deep v1.0.7/go.mod h1:QV8Hv/iy04NyLBxAdO9njL0iVPN1S4d/A3NVv1V36o8=
github.com/lib/pq v1.9.0 h1:L8nSXQQzAYByakOFMTwpjRoHsMJklur4Gi59b6VivR8=
github.com/lib/pq v1.9.0/go.mod h1:AlVN5x4E4T544tWzH6hKfbfQvm3HdbOxrmggDNAPY9o=
github.com/lovego/date v0.0.0-20200911055540-3565a62cb479 h1:74DRkcosqy8d0qQdUgdXo7HlmqbCa0pV2eoCM7lQT7U=
github.com/lovego/date v0.0.0-20200911055540-3565a62cb479/go.mod h1:dHef61fZ3P8JwWJvgK600bob+q2Guy1DnexxaXSqgNo=
github.com/lovego/deep v0.0.0-20181026090555-43e991e46ed7 h1:KL642hJa42mH7BeOmgH1cD0Tq/9hMYZeSZWYUoyJTnc=
github.com/lovego/deep v0.0.0-20181026090555-43e991e46ed7/go.mod h1:XynII9aoyVfwNWOKBa/Hfn7+SXuc09qgYyzv0VOhGLE=
github.com/lovego/errs v0.0.0-20200914124519-002655aaf593 h1:r7226H6FsObjjedOSIVC8iF0ueJBObYsF8oukgAQ6m0=
github.com/lovego/errs v0.0.0-20200914124519-002655aaf593/go.mod h1:FfIOS6S5g1NZl4X4jGnY5DifiOaKOpv4N9wZXUKej8k=
github.com/lovego/maps v0.0.0-20190404131308-5c14106deb1f h1:ddyIZqaD9In5hDtB5eDgUr04JjBp0cpN3XPzS22kREc=
github.com/lovego/maps v0.0.0-20190404131308-5c14106deb1f/go.mod h1:7hsF4cgdpLGo+c6/0bQAKi14FnRIqmFu2bfAHKdQuG8=
github.com/lovego/struct_tag v0.0.0-20200821111615-1a11055a2d31 h1:ivs6MCONAgAxVwtFzw076W2Y71Ey3JvXoq84QlDyyDs=
github.com/lovego/struct_tag v0.0.0-20200821111615-1a11055a2d31/go.mod h1:2Y5edfo2L39OxqqJqk0w67T136Njegcfi6YeOCbEkng=
github.com/lovego/structs v0.0.0-20210207031546-7db08510750d h1:jSrxw9x99zDZ5OLp63KVqw4oFMg5+/NS9dZumaDPJF8=
github.com/lovego/structs v0.0.0-20210207031546-7db08510750d/go.mod h1:pQsJc6Te//8NDwEMvPHjB6o25Ghr8ahkxtxwHtpKkIM=
github.com/lovego/tracer v0.0.0-20200207073659-f9fecb73b19f h1:ojEisTS/YwLIB82lLXE62LqIDAreD37kFJdg9b+Olmc=
github.com/lovego/tracer v0.0.0-20200207073659-f9fecb73b19f/go.mod h1:aKGpzdC+2JKu/90fy95JH9Ndaske6mVUEpwMW6rsvMo=
github.com/mattn/go-colorable v0.1.8 h1:c1ghPdyEDarC70ftn0y+A/Ee++9zz8ljHG1b13eJ0s8=
github.com/mattn/go-colorable v0.1.8/go.mod h1:u6P/XSegPjTcexA+o6vUJrdnUu04hMope9wVRipJSqc=
github.com/mattn/go-isatty v0.0.12 h1:wuysRhFDzyxgEmMf5xjvJ2M9dZoWAXNNr5LSBS7uHXY=
github.com/mattn/go-isatty v0.0.12/go.mod h1:cbi8OIDigv2wuxKPP5vlRcQ1OAZbq2CE4Kysco4FUpU=
github.com/mattn/go-runewidth v0.0.10 h1:CoZ3S2P7pvtP45xOtBw+/mDL2z0RKI576gSkzRRpdGg=
github.com/mattn/go-runewidth v0.0.10/go.mod h1:RAqKPSqVFrSLVXbA8x7dzmKdmGzieGRCM46jaSJTDAk=
github.com/rivo/uniseg v0.1.0 h1:+2KBaVoUmb9XzDsrx/Ct0W/EYOSFf/nWTauy++DprtY=
github.com/rivo/uniseg v0.1.0/go.mod h1:J6wj4VEh+S6ZtnVlnTBMWIodfgj8LQOQFoIToxlJtxc=
github.com/shopspring/decimal v1.2.0 h1:abSATXmQEYyShuxI4/vyW3tV1MrKAJzCZ/0zLUXYbsQ=
github.com/shopspring/decimal v1.2.0/go.mod h1:DKyhrW/HYNuLGql+MJL6WCR6knT2jwCFRcu2hWCYk4o=
golang.org/x/sys v0.0.0-20200116001909-b77594299b42/go.mod h1:h1NjWce9XRLGQEsW7wpKNCjG9DtNlClVuFLEZdDNbEs=
golang.org/x/sys v0.0.0-20200223170610-d5e6a3e2c0ae h1:/WDfKMnPU+m5M4xB+6x4kaepxRw6jWvR5iDRdvjHgy8=
golang.org/x/sys v0.0.0-20200223170610-d5e6a3e2c0ae/go.mod h1:h1NjWce9XRLGQEsW7wpKNCjG9DtNlClVuFLEZdDNbEs=
